
Microsoft Visual Studio Solution File, Format Version 12.00
Project("{FAE04EC0-301F-11D3-BF4B-00C04F79EFBC}") = "CodingContest2024_40th", "CodingContest2024_40th\CodingContest2024_40th.csproj", "{C59C85FB-90E2-4B71-8757-A8041EA401F0}"
EndProject
Project("{FAE04EC0-301F-11D3-BF4B-00C04F79EFBC}") = "CodingContest2024_40th.Test", "CodingContest2024_40th.Test\CodingContest2024_40th.Test.csproj", "{CBC0670C-7B70-473E-AEAC-6A4F4F2A6D83}"
EndProject
Global
	GlobalSection(SolutionConfigurationPlatforms) = preSolution
		Debug|Any CPU = Debug|Any CPU
		Release|Any CPU = Release|Any CPU
	EndGlobalSection
	GlobalSection(ProjectConfigurationPlatforms) = postSolution
		{C59C85FB-90E2-4B71-8757-A8041EA401F0}.Debug|Any CPU.ActiveCfg = Debug|Any CPU
		{C59C85FB-90E2-4B71-8757-A8041EA401F0}.Debug|Any CPU.Build.0 = Debug|Any CPU
		{C59C85FB-90E2-4B71-8757-A8041EA401F0}.Release|Any CPU.ActiveCfg = Release|Any CPU
		{C59C85FB-90E2-4B71-8757-A8041EA401F0}.Release|Any CPU.Build.0 = Release|Any CPU
		{CBC0670C-7B70-473E-AEAC-6A4F4F2A6D83}.Debug|Any CPU.ActiveCfg = Debug|Any CPU
		{CBC0670C-7B70-473E-AEAC-6A4F4F2A6D83}.Debug|Any CPU.Build.0 = Debug|Any CPU
		{CBC0670C-7B70-473E-AEAC-6A4F4F2A6D83}.Release|Any CPU.ActiveCfg = Release|Any CPU
		{CBC0670C-7B70-473E-AEAC-6A4F4F2A6D83}.Release|Any CPU.Build.0 = Release|Any CPU
	EndGlobalSection
EndGlobal
